{
  "nodes": {
    "home-manager": {
      "inputs": {
        "nixpkgs": [
          "nixpkgs"
        ]
      },
      "locked": {
        "lastModified": 1686342731,
        "narHash": "sha256-GwCwviXcc5nrewuFwtsrxys8srrZcI+m8hdIGOt+fHY=",
        "owner": "nix-community",
        "repo": "home-manager",
        "rev": "0945875a2a20de314093b0f9d4d5448e9b4fdccb",
        "type": "github"
      },
      "original": {
        "owner": "nix-community",
        "repo": "home-manager",
        "type": "github"
      }
    },
    "nixpkgs": {
      "locked": {
        "lastModified": 1686319658,
        "narHash": "sha256-tGWdoUAqKnE866mYFlEfc2a99kxFy31hOQJH5YQKrTQ=",
        "owner": "nixos",
        "repo": "nixpkgs",
        "rev": "ae766d59b07c450e0f1de8a1bfd6529089f40849",
        "type": "github"
      },
      "original": {
        "owner": "nixos",
        "ref": "nixos-unstable",
        "repo": "nixpkgs",
        "type": "github"
      }
    },
    "root": {
      "inputs": {
        "home-manager": "home-manager",
        "nixpkgs": "nixpkgs",
        "sops-nix": "sops-nix"
      }
    },
    "sops-nix": {
      "inputs": {
        "nixpkgs": [
          "nixpkgs"
        ],
        "nixpkgs-stable": [
          "nixpkgs"
        ]
      },
      "locked": {
        "lastModified": 1685848844,
        "narHash": "sha256-Iury+/SVbAwLES76QJSiKFiQDzmf/8Hsq8j54WF2qyw=",
        "owner": "mic92",
        "repo": "sops-nix",
        "rev": "a522e12ee35e50fa7d902a164a9796e420e6e75b",
        "type": "github"
      },
      "original": {
        "owner": "mic92",
        "repo": "sops-nix",
        "type": "github"
      }
    }
  },
  "root": "root",
  "version": 7
}
